// !$*UTF8*$!
{
	archiveVersion = 1;
	classes = {
	};
	objectVersion = 46;
	objects = {

/* Begin PBXBuildFile section */
		0E32529C19B0E40300F5BC60 /* clem_pas_contente.png in Resources */ = {isa = PBXBuildFile; fileRef = 0E32529B19B0E40300F5BC60 /* clem_pas_contente.png */; };
		0E3DA12419E019100039FBAA /* WindowArticle.xib in Resources */ = {isa = PBXBuildFile; fileRef = 0E3DA12319E019100039FBAA /* WindowArticle.xib */; };
		0E69B83019E15B430078BA8B /* ZDSUpdate.m in Sources */ = {isa = PBXBuildFile; fileRef = 0E69B82F19E15B430078BA8B /* ZDSUpdate.m */; };
		0EB78FF219AF8A2C0092C8F3 /* Preferences.xib in Resources */ = {isa = PBXBuildFile; fileRef = 0EB78FF119AF8A2C0092C8F3 /* Preferences.xib */; };
		0EB78FF519AF9A290092C8F3 /* PreferenceController.m in Sources */ = {isa = PBXBuildFile; fileRef = 0EB78FF419AF9A290092C8F3 /* PreferenceController.m */; };
		0EB78FF819AF9B1C0092C8F3 /* AppController.m in Sources */ = {isa = PBXBuildFile; fileRef = 0EB78FF719AF9B1C0092C8F3 /* AppController.m */; };
		0EB78FFB19AF9FA50092C8F3 /* ConnectonParse.m in Sources */ = {isa = PBXBuildFile; fileRef = 0EB78FFA19AF9FA50092C8F3 /* ConnectonParse.m */; };
		0EBE69BC19AE242100AAA1D6 /* icone_19.png in Resources */ = {isa = PBXBuildFile; fileRef = 0EBE69BB19AE242100AAA1D6 /* icone_19.png */; };
		0EBE69BE19AE259D00AAA1D6 /* 96d205095a8ed850.icns in Resources */ = {isa = PBXBuildFile; fileRef = 0EBE69BD19AE259D00AAA1D6 /* 96d205095a8ed850.icns */; };
		0EC8AAE419B1D6F400C24381 /* ITSwitch.m in Sources */ = {isa = PBXBuildFile; fileRef = 0EC8AAE319B1D6F400C24381 /* ITSwitch.m */; };
		0EDEE10919AC98C000F12797 /* Cocoa.framework in Frameworks */ = {isa = PBXBuildFile; fileRef = 0EDEE10819AC98C000F12797 /* Cocoa.framework */; };
		0EDEE11319AC98C000F12797 /* InfoPlist.strings in Resources */ = {isa = PBXBuildFile; fileRef = 0EDEE11119AC98C000F12797 /* InfoPlist.strings */; };
		0EDEE11519AC98C000F12797 /* main.m in Sources */ = {isa = PBXBuildFile; fileRef = 0EDEE11419AC98C000F12797 /* main.m */; };
		0EDEE11919AC98C000F12797 /* Credits.rtf in Resources */ = {isa = PBXBuildFile; fileRef = 0EDEE11719AC98C000F12797 /* Credits.rtf */; };
		0EDEE11C19AC98C000F12797 /* ZDSAppDelegate.m in Sources */ = {isa = PBXBuildFile; fileRef = 0EDEE11B19AC98C000F12797 /* ZDSAppDelegate.m */; };
		0EDEE11F19AC98C000F12797 /* MainMenu.xib in Resources */ = {isa = PBXBuildFile; fileRef = 0EDEE11D19AC98C000F12797 /* MainMenu.xib */; };
		0EDEE12119AC98C000F12797 /* Images.xcassets in Resources */ = {isa = PBXBuildFile; fileRef = 0EDEE12019AC98C000F12797 /* Images.xcassets */; };
		0EDEE12819AC98C000F12797 /* XCTest.framework in Frameworks */ = {isa = PBXBuildFile; fileRef = 0EDEE12719AC98C000F12797 /* XCTest.framework */; };
		0EDEE12919AC98C000F12797 /* Cocoa.framework in Frameworks */ = {isa = PBXBuildFile; fileRef = 0EDEE10819AC98C000F12797 /* Cocoa.framework */; };
		0EDEE13119AC98C000F12797 /* InfoPlist.strings in Resources */ = {isa = PBXBuildFile; fileRef = 0EDEE12F19AC98C000F12797 /* InfoPlist.strings */; };
		0EDEE13319AC98C000F12797 /* ZDSNotificationTests.m in Sources */ = {isa = PBXBuildFile; fileRef = 0EDEE13219AC98C000F12797 /* ZDSNotificationTests.m */; };
		0EDEE14019AC99FE00F12797 /* HTMLNode.m in Sources */ = {isa = PBXBuildFile; fileRef = 0EDEE13D19AC99FE00F12797 /* HTMLNode.m */; };
		0EDEE14119AC99FE00F12797 /* HTMLParser.m in Sources */ = {isa = PBXBuildFile; fileRef = 0EDEE13F19AC99FE00F12797 /* HTMLParser.m */; };
		0EDEE14319AC9A3E00F12797 /* libxml2.dylib in Frameworks */ = {isa = PBXBuildFile; fileRef = 0EDEE14219AC9A3E00F12797 /* libxml2.dylib */; };
		0EDEE18619ACD54200F12797 /* ParserZSD.m in Sources */ = {isa = PBXBuildFile; fileRef = 0EDEE18519ACD54200F12797 /* ParserZSD.m */; };
/* End PBXBuildFile section */

/* Begin PBXContainerItemProxy section */
		0EDEE12A19AC98C000F12797 /* PBXContainerItemProxy */ = {
			isa = PBXContainerItemProxy;
			containerPortal = 0EDEE0FD19AC98C000F12797 /* Project object */;
			proxyType = 1;
			remoteGlobalIDString = 0EDEE10419AC98C000F12797;
			remoteInfo = ZDSNotification;
		};
/* End PBXContainerItemProxy section */

/* Begin PBXFileReference section */
		0E32529B19B0E40300F5BC60 /* clem_pas_contente.png */ = {isa = PBXFileReference; lastKnownFileType = image.png; path = clem_pas_contente.png; sourceTree = "<group>"; };
		0E3DA12319E019100039FBAA /* WindowArticle.xib */ = {isa = PBXFileReference; fileEncoding = 4; lastKnownFileType = file.xib; path = WindowArticle.xib; sourceTree = "<group>"; };
		0E69B82E19E15B430078BA8B /* ZDSUpdate.h */ = {isa = PBXFileReference; fileEncoding = 4; lastKnownFileType = sourcecode.c.h; path = ZDSUpdate.h; sourceTree = "<group>"; };
		0E69B82F19E15B430078BA8B /* ZDSUpdate.m */ = {isa = PBXFileReference; fileEncoding = 4; lastKnownFileType = sourcecode.c.objc; path = ZDSUpdate.m; sourceTree = "<group>"; };
		0EB78FF119AF8A2C0092C8F3 /* Preferences.xib */ = {isa = PBXFileReference; fileEncoding = 4; lastKnownFileType = file.xib; path = Preferences.xib; sourceTree = "<group>"; };
		0EB78FF319AF9A290092C8F3 /* PreferenceController.h */ = {isa = PBXFileReference; fileEncoding = 4; lastKnownFileType = sourcecode.c.h; path = PreferenceController.h; sourceTree = "<group>"; };
		0EB78FF419AF9A290092C8F3 /* PreferenceController.m */ = {isa = PBXFileReference; fileEncoding = 4; lastKnownFileType = sourcecode.c.objc; path = PreferenceController.m; sourceTree = "<group>"; };
		0EB78FF619AF9B1C0092C8F3 /* AppController.h */ = {isa = PBXFileReference; fileEncoding = 4; lastKnownFileType = sourcecode.c.h; path = AppController.h; sourceTree = "<group>"; };
		0EB78FF719AF9B1C0092C8F3 /* AppController.m */ = {isa = PBXFileReference; fileEncoding = 4; lastKnownFileType = sourcecode.c.objc; path = AppController.m; sourceTree = "<group>"; };
		0EB78FF919AF9FA50092C8F3 /* ConnectonParse.h */ = {isa = PBXFileReference; fileEncoding = 4; lastKnownFileType = sourcecode.c.h; path = ConnectonParse.h; sourceTree = "<group>"; };
		0EB78FFA19AF9FA50092C8F3 /* ConnectonParse.m */ = {isa = PBXFileReference; fileEncoding = 4; lastKnownFileType = sourcecode.c.objc; path = ConnectonParse.m; sourceTree = "<group>"; };
		0EBE69BB19AE242100AAA1D6 /* icone_19.png */ = {isa = PBXFileReference; lastKnownFileType = image.png; path = icone_19.png; sourceTree = "<group>"; };
		0EBE69BD19AE259D00AAA1D6 /* 96d205095a8ed850.icns */ = {isa = PBXFileReference; lastKnownFileType = image.icns; path = 96d205095a8ed850.icns; sourceTree = "<group>"; };
		0EC8AAE219B1D6F400C24381 /* ITSwitch.h */ = {isa = PBXFileReference; fileEncoding = 4; lastKnownFileType = sourcecode.c.h; path = ITSwitch.h; sourceTree = "<group>"; };
		0EC8AAE319B1D6F400C24381 /* ITSwitch.m */ = {isa = PBXFileReference; fileEncoding = 4; lastKnownFileType = sourcecode.c.objc; path = ITSwitch.m; sourceTree = "<group>"; };
		0EDEE10519AC98C000F12797 /* ZDSNotification.app */ = {isa = PBXFileReference; explicitFileType = wrapper.application; includeInIndex = 0; path = ZDSNotification.app; sourceTree = BUILT_PRODUCTS_DIR; };
		0EDEE10819AC98C000F12797 /* Cocoa.framework */ = {isa = PBXFileReference; lastKnownFileType = wrapper.framework; name = Cocoa.framework; path = System/Library/Frameworks/Cocoa.framework; sourceTree = SDKROOT; };
		0EDEE10B19AC98C000F12797 /* AppKit.framework */ = {isa = PBXFileReference; lastKnownFileType = wrapper.framework; name = AppKit.framework; path = System/Library/Frameworks/AppKit.framework; sourceTree = SDKROOT; };
		0EDEE10C19AC98C000F12797 /* CoreData.framework */ = {isa = PBXFileReference; lastKnownFileType = wrapper.framework; name = CoreData.framework; path = System/Library/Frameworks/CoreData.framework; sourceTree = SDKROOT; };
		0EDEE10D19AC98C000F12797 /* Foundation.framework */ = {isa = PBXFileReference; lastKnownFileType = wrapper.framework; name = Foundation.framework; path = System/Library/Frameworks/Foundation.framework; sourceTree = SDKROOT; };
		0EDEE11019AC98C000F12797 /* ZDSNotification-Info.plist */ = {isa = PBXFileReference; lastKnownFileType = text.plist.xml; path = "ZDSNotification-Info.plist"; sourceTree = "<group>"; };
		0EDEE11219AC98C000F12797 /* en */ = {isa = PBXFileReference; lastKnownFileType = text.plist.strings; name = en; path = en.lproj/InfoPlist.strings; sourceTree = "<group>"; };
		0EDEE11419AC98C000F12797 /* main.m */ = {isa = PBXFileReference; lastKnownFileType = sourcecode.c.objc; path = main.m; sourceTree = "<group>"; };
		0EDEE11619AC98C000F12797 /* ZDSNotification-Prefix.pch */ = {isa = PBXFileReference; lastKnownFileType = sourcecode.c.h; path = "ZDSNotification-Prefix.pch"; sourceTree = "<group>"; };
		0EDEE11819AC98C000F12797 /* en */ = {isa = PBXFileReference; lastKnownFileType = text.rtf; name = en; path = en.lproj/Credits.rtf; sourceTree = "<group>"; };
		0EDEE11A19AC98C000F12797 /* ZDSAppDelegate.h */ = {isa = PBXFileReference; lastKnownFileType = sourcecode.c.h; path = ZDSAppDelegate.h; sourceTree = "<group>"; };
		0EDEE11B19AC98C000F12797 /* ZDSAppDelegate.m */ = {isa = PBXFileReference; lastKnownFileType = sourcecode.c.objc; path = ZDSAppDelegate.m; sourceTree = "<group>"; };
		0EDEE11E19AC98C000F12797 /* Base */ = {isa = PBXFileReference; lastKnownFileType = file.xib; name = Base; path = Base.lproj/MainMenu.xib; sourceTree = "<group>"; };
		0EDEE12019AC98C000F12797 /* Images.xcassets */ = {isa = PBXFileReference; lastKnownFileType = folder.assetcatalog; path = Images.xcassets; sourceTree = "<group>"; };
		0EDEE12619AC98C000F12797 /* ZDSNotificationTests.xctest */ = {isa = PBXFileReference; explicitFileType = wrapper.cfbundle; includeInIndex = 0; path = ZDSNotificationTests.xctest; sourceTree = BUILT_PRODUCTS_DIR; };
		0EDEE12719AC98C000F12797 /* XCTest.framework */ = {isa = PBXFileReference; lastKnownFileType = wrapper.framework; name = XCTest.framework; path = Library/Frameworks/XCTest.framework; sourceTree = DEVELOPER_DIR; };
		0EDEE12E19AC98C000F12797 /* ZDSNotificationTests-Info.plist */ = {isa = PBXFileReference; lastKnownFileType = text.plist.xml; path = "ZDSNotificationTests-Info.plist"; sourceTree = "<group>"; };
		0EDEE13019AC98C000F12797 /* en */ = {isa = PBXFileReference; lastKnownFileType = text.plist.strings; name = en; path = en.lproj/InfoPlist.strings; sourceTree = "<group>"; };
		0EDEE13219AC98C000F12797 /* ZDSNotificationTests.m */ = {isa = PBXFileReference; lastKnownFileType = sourcecode.c.objc; path = ZDSNotificationTests.m; sourceTree = "<group>"; };
		0EDEE13C19AC99FE00F12797 /* HTMLNode.h */ = {isa = PBXFileReference; fileEncoding = 4; lastKnownFileType = sourcecode.c.h; path = HTMLNode.h; sourceTree = "<group>"; };
		0EDEE13D19AC99FE00F12797 /* HTMLNode.m */ = {isa = PBXFileReference; fileEncoding = 4; lastKnownFileType = sourcecode.c.objc; path = HTMLNode.m; sourceTree = "<group>"; };
		0EDEE13E19AC99FE00F12797 /* HTMLParser.h */ = {isa = PBXFileReference; fileEncoding = 4; lastKnownFileType = sourcecode.c.h; path = HTMLParser.h; sourceTree = "<group>"; };
		0EDEE13F19AC99FE00F12797 /* HTMLParser.m */ = {isa = PBXFileReference; fileEncoding = 4; lastKnownFileType = sourcecode.c.objc; path = HTMLParser.m; sourceTree = "<group>"; };
		0EDEE14219AC9A3E00F12797 /* libxml2.dylib */ = {isa = PBXFileReference; lastKnownFileType = "compiled.mach-o.dylib"; name = libxml2.dylib; path = usr/lib/libxml2.dylib; sourceTree = SDKROOT; };
		0EDEE18419ACD54200F12797 /* ParserZSD.h */ = {isa = PBXFileReference; fileEncoding = 4; lastKnownFileType = sourcecode.c.h; path = ParserZSD.h; sourceTree = "<group>"; };
		0EDEE18519ACD54200F12797 /* ParserZSD.m */ = {isa = PBXFileReference; fileEncoding = 4; lastKnownFileType = sourcecode.c.objc; path = ParserZSD.m; sourceTree = "<group>"; };
/* End PBXFileReference section */

/* Begin PBXFrameworksBuildPhase section */
		0EDEE10219AC98C000F12797 /* Frameworks */ = {
			isa = PBXFrameworksBuildPhase;
			buildActionMask = 2147483647;
			files = (
				0EDEE14319AC9A3E00F12797 /* libxml2.dylib in Frameworks */,
				0EDEE10919AC98C000F12797 /* Cocoa.framework in Frameworks */,
			);
			runOnlyForDeploymentPostprocessing = 0;
		};
		0EDEE12319AC98C000F12797 /* Frameworks */ = {
			isa = PBXFrameworksBuildPhase;
			buildActionMask = 2147483647;
			files = (
				0EDEE12919AC98C000F12797 /* Cocoa.framework in Frameworks */,
				0EDEE12819AC98C000F12797 /* XCTest.framework in Frameworks */,
			);
			runOnlyForDeploymentPostprocessing = 0;
		};
/* End PBXFrameworksBuildPhase section */

/* Begin PBXGroup section */
		0EC8AAE119B1D6F400C24381 /* ITSwitch */ = {
			isa = PBXGroup;
			children = (
				0EC8AAE219B1D6F400C24381 /* ITSwitch.h */,
				0EC8AAE319B1D6F400C24381 /* ITSwitch.m */,
			);
			path = ITSwitch;
			sourceTree = "<group>";
		};
		0EDEE0FC19AC98C000F12797 = {
			isa = PBXGroup;
			children = (
				0EBE69BD19AE259D00AAA1D6 /* 96d205095a8ed850.icns */,
				0EDEE10E19AC98C000F12797 /* ZDSNotification */,
				0EDEE12C19AC98C000F12797 /* ZDSNotificationTests */,
				0EDEE10719AC98C000F12797 /* Frameworks */,
				0EDEE10619AC98C000F12797 /* Products */,
			);
			sourceTree = "<group>";
		};
		0EDEE10619AC98C000F12797 /* Products */ = {
			isa = PBXGroup;
			children = (
				0EDEE10519AC98C000F12797 /* ZDSNotification.app */,
				0EDEE12619AC98C000F12797 /* ZDSNotificationTests.xctest */,
			);
			name = Products;
			sourceTree = "<group>";
		};
		0EDEE10719AC98C000F12797 /* Frameworks */ = {
			isa = PBXGroup;
			children = (
				0EDEE14219AC9A3E00F12797 /* libxml2.dylib */,
				0EDEE10819AC98C000F12797 /* Cocoa.framework */,
				0EDEE12719AC98C000F12797 /* XCTest.framework */,
				0EDEE10A19AC98C000F12797 /* Other Frameworks */,
			);
			name = Frameworks;
			sourceTree = "<group>";
		};
		0EDEE10A19AC98C000F12797 /* Other Frameworks */ = {
			isa = PBXGroup;
			children = (
				0EDEE10B19AC98C000F12797 /* AppKit.framework */,
				0EDEE10C19AC98C000F12797 /* CoreData.framework */,
				0EDEE10D19AC98C000F12797 /* Foundation.framework */,
			);
			name = "Other Frameworks";
			sourceTree = "<group>";
		};
		0EDEE10E19AC98C000F12797 /* ZDSNotification */ = {
			isa = PBXGroup;
			children = (
				0EEEC8EE19B0F09A00B70ADA /* Class */,
				0EEEC8F119B0F11700B70ADA /* Image */,
				0EDEE12019AC98C000F12797 /* Images.xcassets */,
				0EEEC8F219B0F1E600B70ADA /* Ressource */,
				0EDEE10F19AC98C000F12797 /* Supporting Files */,
			);
			path = ZDSNotification;
			sourceTree = "<group>";
		};
		0EDEE10F19AC98C000F12797 /* Supporting Files */ = {
			isa = PBXGroup;
			children = (
				0EDEE11019AC98C000F12797 /* ZDSNotification-Info.plist */,
				0EDEE11119AC98C000F12797 /* InfoPlist.strings */,
				0EDEE11419AC98C000F12797 /* main.m */,
				0EDEE11619AC98C000F12797 /* ZDSNotification-Prefix.pch */,
				0EDEE11719AC98C000F12797 /* Credits.rtf */,
			);
			name = "Supporting Files";
			sourceTree = "<group>";
		};
		0EDEE12C19AC98C000F12797 /* ZDSNotificationTests */ = {
			isa = PBXGroup;
			children = (
				0EDEE13219AC98C000F12797 /* ZDSNotificationTests.m */,
				0EDEE12D19AC98C000F12797 /* Supporting Files */,
			);
			path = ZDSNotificationTests;
			sourceTree = "<group>";
		};
		0EDEE12D19AC98C000F12797 /* Supporting Files */ = {
			isa = PBXGroup;
			children = (
				0EDEE12E19AC98C000F12797 /* ZDSNotificationTests-Info.plist */,
				0EDEE12F19AC98C000F12797 /* InfoPlist.strings */,
			);
			name = "Supporting Files";
			sourceTree = "<group>";
		};
		0EEEC8EE19B0F09A00B70ADA /* Class */ = {
			isa = PBXGroup;
			children = (
				0EEEC8F019B0F0FA00B70ADA /* Préférences... */,
				0EEEC8EF19B0F0C900B70ADA /* Parser */,
				0EDEE11A19AC98C000F12797 /* ZDSAppDelegate.h */,
				0E69B82E19E15B430078BA8B /* ZDSUpdate.h */,
				0E69B82F19E15B430078BA8B /* ZDSUpdate.m */,
				0EDEE11B19AC98C000F12797 /* ZDSAppDelegate.m */,
			);
			name = Class;
			sourceTree = "<group>";
		};
		0EEEC8EF19B0F0C900B70ADA /* Parser */ = {
			isa = PBXGroup;
			children = (
				0EDEE18419ACD54200F12797 /* ParserZSD.h */,
				0EDEE18519ACD54200F12797 /* ParserZSD.m */,
				0EB78FF919AF9FA50092C8F3 /* ConnectonParse.h */,
				0EB78FFA19AF9FA50092C8F3 /* ConnectonParse.m */,
				0EDEE13C19AC99FE00F12797 /* HTMLNode.h */,
				0EDEE13D19AC99FE00F12797 /* HTMLNode.m */,
				0EDEE13E19AC99FE00F12797 /* HTMLParser.h */,
				0EDEE13F19AC99FE00F12797 /* HTMLParser.m */,
			);
			name = Parser;
			sourceTree = "<group>";
		};
		0EEEC8F019B0F0FA00B70ADA /* Préférences... */ = {
			isa = PBXGroup;
			children = (
				0EB78FF419AF9A290092C8F3 /* PreferenceController.m */,
				0EB78FF319AF9A290092C8F3 /* PreferenceController.h */,
				0EB78FF619AF9B1C0092C8F3 /* AppController.h */,
				0EB78FF719AF9B1C0092C8F3 /* AppController.m */,
				0EC8AAE119B1D6F400C24381 /* ITSwitch */,
			);
			name = "Préférences...";
			sourceTree = "<group>";
		};
		0EEEC8F119B0F11700B70ADA /* Image */ = {
			isa = PBXGroup;
			children = (
				0EBE69BB19AE242100AAA1D6 /* icone_19.png */,
				0E32529B19B0E40300F5BC60 /* clem_pas_contente.png */,
			);
			name = Image;
			sourceTree = "<group>";
		};
		0EEEC8F219B0F1E600B70ADA /* Ressource */ = {
			isa = PBXGroup;
			children = (
				0EDEE11D19AC98C000F12797 /* MainMenu.xib */,
				0E3DA12319E019100039FBAA /* WindowArticle.xib */,
				0EB78FF119AF8A2C0092C8F3 /* Preferences.xib */,
			);
			name = Ressource;
			sourceTree = "<group>";
		};
/* End PBXGroup section */

/* Begin PBXNativeTarget section */
		0EDEE10419AC98C000F12797 /* ZDSNotification */ = {
			isa = PBXNativeTarget;
			buildConfigurationList = 0EDEE13619AC98C000F12797 /* Build configuration list for PBXNativeTarget "ZDSNotification" */;
			buildPhases = (
				0EDEE10119AC98C000F12797 /* Sources */,
				0EDEE10219AC98C000F12797 /* Frameworks */,
				0EDEE10319AC98C000F12797 /* Resources */,
			);
			buildRules = (
			);
			dependencies = (
			);
			name = ZDSNotification;
			productName = ZDSNotification;
			productReference = 0EDEE10519AC98C000F12797 /* ZDSNotification.app */;
			productType = "com.apple.product-type.application";
		};
		0EDEE12519AC98C000F12797 /* ZDSNotificationTests */ = {
			isa = PBXNativeTarget;
			buildConfigurationList = 0EDEE13919AC98C000F12797 /* Build configuration list for PBXNativeTarget "ZDSNotificationTests" */;
			buildPhases = (
				0EDEE12219AC98C000F12797 /* Sources */,
				0EDEE12319AC98C000F12797 /* Frameworks */,
				0EDEE12419AC98C000F12797 /* Resources */,
			);
			buildRules = (
			);
			dependencies = (
				0EDEE12B19AC98C000F12797 /* PBXTargetDependency */,
			);
			name = ZDSNotificationTests;
			productName = ZDSNotificationTests;
			productReference = 0EDEE12619AC98C000F12797 /* ZDSNotificationTests.xctest */;
			productType = "com.apple.product-type.bundle.unit-test";
		};
/* End PBXNativeTarget section */

/* Begin PBXProject section */
		0EDEE0FD19AC98C000F12797 /* Project object */ = {
			isa = PBXProject;
			attributes = {
				CLASSPREFIX = ZDS;
				LastUpgradeCheck = 0510;
				ORGANIZATIONNAME = Cirdo;
				TargetAttributes = {
					0EDEE12519AC98C000F12797 = {
						TestTargetID = 0EDEE10419AC98C000F12797;
					};
				};
			};
			buildConfigurationList = 0EDEE10019AC98C000F12797 /* Build configuration list for PBXProject "ZDSNotification" */;
			compatibilityVersion = "Xcode 3.2";
			developmentRegion = English;
			hasScannedForEncodings = 0;
			knownRegions = (
				en,
				Base,
			);
			mainGroup = 0EDEE0FC19AC98C000F12797;
			productRefGroup = 0EDEE10619AC98C000F12797 /* Products */;
			projectDirPath = "";
			projectRoot = "";
			targets = (
				0EDEE10419AC98C000F12797 /* ZDSNotification */,
				0EDEE12519AC98C000F12797 /* ZDSNotificationTests */,
			);
		};
/* End PBXProject section */

/* Begin PBXResourcesBuildPhase section */
		0EDEE10319AC98C000F12797 /* Resources */ = {
			isa = PBXResourcesBuildPhase;
			buildActionMask = 2147483647;
			files = (
				0E3DA12419E019100039FBAA /* WindowArticle.xib in Resources */,
				0EBE69BC19AE242100AAA1D6 /* icone_19.png in Resources */,
				0EDEE11319AC98C000F12797 /* InfoPlist.strings in Resources */,
				0EDEE12119AC98C000F12797 /* Images.xcassets in Resources */,
				0EB78FF219AF8A2C0092C8F3 /* Preferences.xib in Resources */,
				0EDEE11919AC98C000F12797 /* Credits.rtf in Resources */,
				0E32529C19B0E40300F5BC60 /* clem_pas_contente.png in Resources */,
				0EDEE11F19AC98C000F12797 /* MainMenu.xib in Resources */,
				0EBE69BE19AE259D00AAA1D6 /* 96d205095a8ed850.icns in Resources */,
			);
			runOnlyForDeploymentPostprocessing = 0;
		};
		0EDEE12419AC98C000F12797 /* Resources */ = {
			isa = PBXResourcesBuildPhase;
			buildActionMask = 2147483647;
			files = (
				0EDEE13119AC98C000F12797 /* InfoPlist.strings in Resources */,
			);
			runOnlyForDeploymentPostprocessing = 0;
		};
/* End PBXResourcesBuildPhase section */

/* Begin PBXSourcesBuildPhase section */
		0EDEE10119AC98C000F12797 /* Sources */ = {
			isa = PBXSourcesBuildPhase;
			buildActionMask = 2147483647;
			files = (
				0E69B83019E15B430078BA8B /* ZDSUpdate.m in Sources */,
				0EDEE18619ACD54200F12797 /* ParserZSD.m in Sources */,
				0EDEE11C19AC98C000F12797 /* ZDSAppDelegate.m in Sources */,
				0EB78FF519AF9A290092C8F3 /* PreferenceController.m in Sources */,
				0EC8AAE419B1D6F400C24381 /* ITSwitch.m in Sources */,
				0EDEE14119AC99FE00F12797 /* HTMLParser.m in Sources */,
				0EB78FF819AF9B1C0092C8F3 /* AppController.m in Sources */,
				0EB78FFB19AF9FA50092C8F3 /* ConnectonParse.m in Sources */,
				0EDEE11519AC98C000F12797 /* main.m in Sources */,
				0EDEE14019AC99FE00F12797 /* HTMLNode.m in Sources */,
			);
			runOnlyForDeploymentPostprocessing = 0;
		};
		0EDEE12219AC98C000F12797 /* Sources */ = {
			isa = PBXSourcesBuildPhase;
			buildActionMask = 2147483647;
			files = (
				0EDEE13319AC98C000F12797 /* ZDSNotificationTests.m in Sources */,
			);
			runOnlyForDeploymentPostprocessing = 0;
		};
/* End PBXSourcesBuildPhase section */

/* Begin PBXTargetDependency section */
		0EDEE12B19AC98C000F12797 /* PBXTargetDependency */ = {
			isa = PBXTargetDependency;
			target = 0EDEE10419AC98C000F12797 /* ZDSNotification */;
			targetProxy = 0EDEE12A19AC98C000F12797 /* PBXContainerItemProxy */;
		};
/* End PBXTargetDependency section */

/* Begin PBXVariantGroup section */
		0EDEE11119AC98C000F12797 /* InfoPlist.strings */ = {
			isa = PBXVariantGroup;
			children = (
				0EDEE11219AC98C000F12797 /* en */,
			);
			name = InfoPlist.strings;
			sourceTree = "<group>";
		};
		0EDEE11719AC98C000F12797 /* Credits.rtf */ = {
			isa = PBXVariantGroup;
			children = (
				0EDEE11819AC98C000F12797 /* en */,
			);
			name = Credits.rtf;
			sourceTree = "<group>";
		};
		0EDEE11D19AC98C000F12797 /* MainMenu.xib */ = {
			isa = PBXVariantGroup;
			children = (
				0EDEE11E19AC98C000F12797 /* Base */,
			);
			name = MainMenu.xib;
			sourceTree = "<group>";
		};
		0EDEE12F19AC98C000F12797 /* InfoPlist.strings */ = {
			isa = PBXVariantGroup;
			children = (
				0EDEE13019AC98C000F12797 /* en */,
			);
			name = InfoPlist.strings;
			sourceTree = "<group>";
		};
/* End PBXVariantGroup section */

/* Begin XCBuildConfiguration section */
		0EDEE13419AC98C000F12797 /* Debug */ = {
			isa = XCBuildConfiguration;
			buildSettings = {
				ALWAYS_SEARCH_USER_PATHS = YES;
				CLANG_CXX_LANGUAGE_STANDARD = "gnu++0x";
				CLANG_CXX_LIBRARY = "libc++";
				CLANG_ENABLE_MODULES = YES;
				CLANG_ENABLE_OBJC_ARC = YES;
				CLANG_WARN_BOOL_CONVERSION = YES;
				CLANG_WARN_CONSTANT_CONVERSION = YES;
				CLANG_WARN_DIRECT_OBJC_ISA_USAGE = YES_ERROR;
				CLANG_WARN_EMPTY_BODY = YES;
				CLANG_WARN_ENUM_CONVERSION = YES;
				CLANG_WARN_INT_CONVERSION = YES;
				CLANG_WARN_OBJC_ROOT_CLASS = YES_ERROR;
				CLANG_WARN__DUPLICATE_METHOD_MATCH = YES;
				COPY_PHASE_STRIP = NO;
				GCC_C_LANGUAGE_STANDARD = gnu99;
				GCC_DYNAMIC_NO_PIC = NO;
				GCC_ENABLE_OBJC_EXCEPTIONS = YES;
				GCC_OPTIMIZATION_LEVEL = 0;
				GCC_PREPROCESSOR_DEFINITIONS = (
					"DEBUG=1",
					"$(inherited)",
				);
				GCC_SYMBOLS_PRIVATE_EXTERN = NO;
				GCC_WARN_64_TO_32_BIT_CONVERSION = YES;
				GCC_WARN_ABOUT_RETURN_TYPE = YES_ERROR;
				GCC_WARN_UNDECLARED_SELECTOR = YES;
				GCC_WARN_UNINITIALIZED_AUTOS = YES_AGGRESSIVE;
				GCC_WARN_UNUSED_FUNCTION = YES;
				GCC_WARN_UNUSED_VARIABLE = YES;
				MACOSX_DEPLOYMENT_TARGET = 10.9;
				New_Setting = "";
				ONLY_ACTIVE_ARCH = YES;
				SDKROOT = macosx;
			};
			name = Debug;
		};
		0EDEE13519AC98C000F12797 /* Release */ = {
			isa = XCBuildConfiguration;
			buildSettings = {
				ALWAYS_SEARCH_USER_PATHS = YES;
				CLANG_CXX_LANGUAGE_STANDARD = "gnu++0x";
				CLANG_CXX_LIBRARY = "libc++";
				CLANG_ENABLE_MODULES = YES;
				CLANG_ENABLE_OBJC_ARC = YES;
				CLANG_WARN_BOOL_CONVERSION = YES;
				CLANG_WARN_CONSTANT_CONVERSION = YES;
				CLANG_WARN_DIRECT_OBJC_ISA_USAGE = YES_ERROR;
				CLANG_WARN_EMPTY_BODY = YES;
				CLANG_WARN_ENUM_CONVERSION = YES;
				CLANG_WARN_INT_CONVERSION = YES;
				CLANG_WARN_OBJC_ROOT_CLASS = YES_ERROR;
				CLANG_WARN__DUPLICATE_METHOD_MATCH = YES;
				COPY_PHASE_STRIP = YES;
				DEBUG_INFORMATION_FORMAT = "dwarf-with-dsym";
				ENABLE_NS_ASSERTIONS = NO;
				GCC_C_LANGUAGE_STANDARD = gnu99;
				GCC_ENABLE_OBJC_EXCEPTIONS = YES;
				GCC_WARN_64_TO_32_BIT_CONVERSION = YES;
				GCC_WARN_ABOUT_RETURN_TYPE = YES_ERROR;
				GCC_WARN_UNDECLARED_SELECTOR = YES;
				GCC_WARN_UNINITIALIZED_AUTOS = YES_AGGRESSIVE;
				GCC_WARN_UNUSED_FUNCTION = YES;
				GCC_WARN_UNUSED_VARIABLE = YES;
				MACOSX_DEPLOYMENT_TARGET = 10.9;
				New_Setting = "";
				SDKROOT = macosx;
			};
			name = Release;
		};
		0EDEE13719AC98C000F12797 /* Debug */ = {
			isa = XCBuildConfiguration;
			buildSettings = {
				ALWAYS_SEARCH_USER_PATHS = NO;
				COMBINE_HIDPI_IMAGES = YES;
				GCC_PRECOMPILE_PREFIX_HEADER = YES;
				GCC_PREFIX_HEADER = "ZDSNotification/ZDSNotification-Prefix.pch";
				HEADER_SEARCH_PATHS = (
					"$(inherited)",
					/Applications/Xcode.app/Contents/Developer/Toolchains/XcodeDefault.xctoolchain/usr/include,
					"$(SDKROOT)/usr/include/libxml2",
				);
				INFOPLIST_FILE = "ZDSNotification/ZDSNotification-Info.plist";
				PRODUCT_NAME = "$(TARGET_NAME)";
				WRAPPER_EXTENSION = app;
			};
			name = Debug;
		};
		0EDEE13819AC98C000F12797 /* Release */ = {
			isa = XCBuildConfiguration;
			buildSettings = {
				ALWAYS_SEARCH_USER_PATHS = NO;
				COMBINE_HIDPI_IMAGES = YES;
				GCC_PRECOMPILE_PREFIX_HEADER = YES;
				GCC_PREFIX_HEADER = "ZDSNotification/ZDSNotification-Prefix.pch";
				HEADER_SEARCH_PATHS = (
					"$(inherited)",
					/Applications/Xcode.app/Contents/Developer/Toolchains/XcodeDefault.xctoolchain/usr/include,
					"$(SDKROOT)/usr/include/libxml2",
				);
				INFOPLIST_FILE = "ZDSNotification/ZDSNotification-Info.plist";
				PRODUCT_NAME = "$(TARGET_NAME)";
				WRAPPER_EXTENSION = app;
			};
			name = Release;
		};
		0EDEE13A19AC98C000F12797 /* Debug */ = {
			isa = XCBuildConfiguration;
			buildSettings = {
				BUNDLE_LOADER = "$(BUILT_PRODUCTS_DIR)/ZDSNotification.app/Contents/MacOS/ZDSNotification";
				COMBINE_HIDPI_IMAGES = YES;
				FRAMEWORK_SEARCH_PATHS = (
					"$(DEVELOPER_FRAMEWORKS_DIR)",
					"$(inherited)",
				);
				GCC_PRECOMPILE_PREFIX_HEADER = YES;
				GCC_PREFIX_HEADER = "ZDSNotification/ZDSNotification-Prefix.pch";
				GCC_PREPROCESSOR_DEFINITIONS = (
					"DEBUG=1",
					"$(inherited)",
				);
				INFOPLIST_FILE = "ZDSNotificationTests/ZDSNotificationTests-Info.plist";
				PRODUCT_NAME = "$(TARGET_NAME)";
				TEST_HOST = "$(BUNDLE_LOADER)";
				WRAPPER_EXTENSION = xctest;
			};
			name = Debug;
		};
		0EDEE13B19AC98C000F12797 /* Release */ = {
			isa = XCBuildConfiguration;
			buildSettings = {
				BUNDLE_LOADER = "$(BUILT_PRODUCTS_DIR)/ZDSNotification.app/Contents/MacOS/ZDSNotification";
				COMBINE_HIDPI_IMAGES = YES;
				FRAMEWORK_SEARCH_PATHS = (
					"$(DEVELOPER_FRAMEWORKS_DIR)",
					"$(inherited)",
				);
				GCC_PRECOMPILE_PREFIX_HEADER = YES;
				GCC_PREFIX_HEADER = "ZDSNotification/ZDSNotification-Prefix.pch";
				INFOPLIST_FILE = "ZDSNotificationTests/ZDSNotificationTests-Info.plist";
				PRODUCT_NAME = "$(TARGET_NAME)";
				TEST_HOST = "$(BUNDLE_LOADER)";
				WRAPPER_EXTENSION = xctest;
			};
			name = Release;
		};
/* End XCBuildConfiguration section */

/* Begin XCConfigurationList section */
		0EDEE10019AC98C000F12797 /* Build configuration list for PBXProject "ZDSNotification" */ = {
			isa = XCConfigurationList;
			buildConfigurations = (
				0EDEE13419AC98C000F12797 /* Debug */,
				0EDEE13519AC98C000F12797 /* Release */,
			);
			defaultConfigurationIsVisible = 0;
			defaultConfigurationName = Release;
		};
		0EDEE13619AC98C000F12797 /* Build configuration list for PBXNativeTarget "ZDSNotification" */ = {
			isa = XCConfigurationList;
			buildConfigurations = (
				0EDEE13719AC98C000F12797 /* Debug */,
				0EDEE13819AC98C000F12797 /* Release */,
			);
			defaultConfigurationIsVisible = 0;
			defaultConfigurationName = Release;
		};
		0EDEE13919AC98C000F12797 /* Build configuration list for PBXNativeTarget "ZDSNotificationTests" */ = {
			isa = XCConfigurationList;
			buildConfigurations = (
				0EDEE13A19AC98C000F12797 /* Debug */,
				0EDEE13B19AC98C000F12797 /* Release */,
			);
			defaultConfigurationIsVisible = 0;
			defaultConfigurationName = Release;
		};
/* End XCConfigurationList section */
	};
	rootObject = 0EDEE0FD19AC98C000F12797 /* Project object */;
}
